PODS:
  - Alamofire (4.5.1)
  - AlamofireImage (3.3.0):
    - Alamofire (~> 4.5)
  - Beaver (0.1.0)
  - Marshal (1.2.4)
  - Nimble (7.0.1)
  - PromiseKit/Alamofire (4.4.0):
    - Alamofire (~> 4.0)
    - PromiseKit/CorePromise
  - PromiseKit/CorePromise (4.4.0)
  - Quick (1.1.0)

DEPENDENCIES:
  - Alamofire
  - AlamofireImage
  - Beaver (from `https://github.com/Beaver/Beaver`)
  - Marshal
  - Nimble
  - PromiseKit/Alamofire
  - Quick

EXTERNAL SOURCES:
  Beaver:
    :git: https://github.com/Beaver/Beaver

CHECKOUT OPTIONS:
  Beaver:
    :commit: 06fa2a5bde275ee620aeca383f080a86c1569245
    :git: https://github.com/Beaver/Beaver

SPEC CHECKSUMS:
  Alamofire: 2d95912bf4c34f164fdfc335872e8c312acaea4a
  AlamofireImage: 2e784dc5d00f04903a52c1d169181469c805c3df
  Beaver: 84f7a1e4cc56ca0008db4c4685dbbec6e051f190
  Marshal: 8e04e6624e506921db7143b0bfd83caee03f32d6
  Nimble: 657d000e11df8aebe27cdaf9d244de7f30ed87f7
  PromiseKit: ecf5fe92275d57ee77c9ede858af47a162e9b97e
  Quick: dafc587e21eed9f4cab3249b9f9015b0b7a7f71d

PODFILE CHECKSUM: f8458ecc0bd7227b86f79fbaca1f87cb7b055ca6

COCOAPODS: 1.4.0.beta.1
